{
  "version": 4,
  "terraform_version": "1.12.2",
  "serial": 7,
  "lineage": "be154fa5-ab42-9e4a-11ba-6df7ef36d0dd",
  "outputs": {
    "instance_summary": {
      "value": {
        "instance_ids": [
          "i-08d4fcb5aaf62edaf",
          "i-000ba383910967bd8"
        ],
        "instances": {
          "node-0": {
            "id": "i-08d4fcb5aaf62edaf",
            "name": "k8-ControlPlane",
            "public_ip": "54.160.210.78",
            "role": "control-plane",
            "ssh_command": "ssh -i k8ClusterKeyPair.pem ubuntu@54.160.210.78"
          },
          "node-1": {
            "id": "i-000ba383910967bd8",
            "name": "k8-WorkerNode-1",
            "public_ip": "54.167.30.79",
            "role": "worker",
            "ssh_command": "ssh -i k8ClusterKeyPair.pem ubuntu@54.167.30.79"
          }
        },
        "public_ips": [
          "54.160.210.78",
          "54.167.30.79"
        ],
        "region": {
          "description": "US East (N. Virginia)",
          "endpoint": "ec2.us-east-1.amazonaws.com",
          "id": "us-east-1",
          "name": "us-east-1",
          "region": "us-east-1"
        }
      },
      "type": [
        "object",
        {
          "instance_ids": [
            "tuple",
            [
              "string",
              "string"
            ]
          ],
          "instances": [
            "object",
            {
              "node-0": [
                "object",
                {
                  "id": "string",
                  "name": "string",
                  "public_ip": "string",
                  "role": "string",
                  "ssh_command": "string"
                }
              ],
              "node-1": [
                "object",
                {
                  "id": "string",
                  "name": "string",
                  "public_ip": "string",
                  "role": "string",
                  "ssh_command": "string"
                }
              ]
            }
          ],
          "public_ips": [
            "tuple",
            [
              "string",
              "string"
            ]
          ],
          "region": [
            "object",
            {
              "description": "string",
              "endpoint": "string",
              "id": "string",
              "name": "string",
              "region": "string"
            }
          ]
        }
      ]
    },
    "private_key_path": {
      "value": "./k8ClusterKeyPair.pem",
      "type": "string",
      "sensitive": true
    }
  },
  "resources": [
    {
      "mode": "data",
      "type": "aws_region",
      "name": "current",
      "provider": "provider[\"registry.terraform.io/hashicorp/aws\"]",
      "instances": [
        {
          "schema_version": 0,
          "attributes": {
            "description": "US East (N. Virginia)",
            "endpoint": "ec2.us-east-1.amazonaws.com",
            "id": "us-east-1",
            "name": "us-east-1",
            "region": "us-east-1"
          },
          "sensitive_attributes": [],
          "identity_schema_version": 0
        }
      ]
    },
    {
      "mode": "data",
      "type": "aws_vpc",
      "name": "default",
      "provider": "provider[\"registry.terraform.io/hashicorp/aws\"]",
      "instances": [
        {
          "schema_version": 0,
          "attributes": {
            "arn": "arn:aws:ec2:us-east-1:682882937469:vpc/vpc-0dd23177",
            "cidr_block": "172.31.0.0/16",
            "cidr_block_associations": [
              {
                "association_id": "vpc-cidr-assoc-69996905",
                "cidr_block": "172.31.0.0/16",
                "state": "associated"
              }
            ],
            "default": true,
            "dhcp_options_id": "dopt-a2e260d9",
            "enable_dns_hostnames": true,
            "enable_dns_support": true,
            "enable_network_address_usage_metrics": false,
            "filter": null,
            "id": "vpc-0dd23177",
            "instance_tenancy": "default",
            "ipv6_association_id": "",
            "ipv6_cidr_block": "",
            "main_route_table_id": "rtb-d2dc07ad",
            "owner_id": "682882937469",
            "region": "us-east-1",
            "state": null,
            "tags": {},
            "timeouts": null
          },
          "sensitive_attributes": [],
          "identity_schema_version": 0
        }
      ]
    },
    {
      "mode": "managed",
      "type": "aws_instance",
      "name": "k8s_node",
      "provider": "provider[\"registry.terraform.io/hashicorp/aws\"]",
      "instances": [
        {
          "index_key": "node-0",
          "schema_version": 2,
          "attributes": {
            "ami": "ami-0bbdd8c17ed981ef9",
            "arn": "arn:aws:ec2:us-east-1:682882937469:instance/i-08d4fcb5aaf62edaf",
            "associate_public_ip_address": true,
            "availability_zone": "us-east-1d",
            "capacity_reservation_specification": [
              {
                "capacity_reservation_preference": "open",
                "capacity_reservation_target": []
              }
            ],
            "cpu_options": [
              {
                "amd_sev_snp": "",
                "core_count": 1,
                "threads_per_core": 2
              }
            ],
            "credit_specification": [
              {
                "cpu_credits": "unlimited"
              }
            ],
            "disable_api_stop": false,
            "disable_api_termination": false,
            "ebs_block_device": [],
            "ebs_optimized": false,
            "enable_primary_ipv6": null,
            "enclave_options": [
              {
                "enabled": false
              }
            ],
            "ephemeral_block_device": [],
            "force_destroy": false,
            "get_password_data": false,
            "hibernation": false,
            "host_id": "",
            "host_resource_group_arn": null,
            "iam_instance_profile": "",
            "id": "i-08d4fcb5aaf62edaf",
            "instance_initiated_shutdown_behavior": "stop",
            "instance_lifecycle": "",
            "instance_market_options": [],
            "instance_state": "running",
            "instance_type": "t3.small",
            "ipv6_address_count": 0,
            "ipv6_addresses": [],
            "key_name": "k8ClusterKeyPair",
            "launch_template": [],
            "maintenance_options": [
              {
                "auto_recovery": "default"
              }
            ],
            "metadata_options": [
              {
                "http_endpoint": "enabled",
                "http_protocol_ipv6": "disabled",
                "http_put_response_hop_limit": 1,
                "http_tokens": "optional",
                "instance_metadata_tags": "disabled"
              }
            ],
            "monitoring": false,
            "network_interface": [],
            "outpost_arn": "",
            "password_data": "",
            "placement_group": "",
            "placement_group_id": "",
            "placement_partition_number": 0,
            "primary_network_interface": [
              {
                "delete_on_termination": true,
                "network_interface_id": "eni-0bf0c0bf57cfb073c"
              }
            ],
            "primary_network_interface_id": "eni-0bf0c0bf57cfb073c",
            "private_dns": "ip-172-31-23-9.ec2.internal",
            "private_dns_name_options": [
              {
                "enable_resource_name_dns_a_record": false,
                "enable_resource_name_dns_aaaa_record": false,
                "hostname_type": "ip-name"
              }
            ],
            "private_ip": "172.31.23.9",
            "public_dns": "ec2-54-160-210-78.compute-1.amazonaws.com",
            "public_ip": "54.160.210.78",
            "region": "us-east-1",
            "root_block_device": [
              {
                "delete_on_termination": true,
                "device_name": "/dev/sda1",
                "encrypted": false,
                "iops": 3000,
                "kms_key_id": "",
                "tags": null,
                "tags_all": {},
                "throughput": 125,
                "volume_id": "vol-0209ca237684f15c9",
                "volume_size": 20,
                "volume_type": "gp3"
              }
            ],
            "secondary_private_ips": [],
            "security_groups": [
              "k8ClusterSecurityGroup"
            ],
            "source_dest_check": true,
            "spot_instance_request_id": "",
            "subnet_id": "subnet-25402e6f",
            "tags": {
              "Name": "k8-ControlPlane",
              "Role": "control-plane"
            },
            "tags_all": {
              "Name": "k8-ControlPlane",
              "Role": "control-plane"
            },
            "tenancy": "default",
            "timeouts": null,
            "user_data": null,
            "user_data_base64": null,
            "user_data_replace_on_change": false,
            "volume_tags": null,
            "vpc_security_group_ids": [
              "sg-080b525f6b10e4db4"
            ]
          },
          "sensitive_attributes": [],
          "identity_schema_version": 0,
          "identity": {
            "account_id": "682882937469",
            "id": "i-08d4fcb5aaf62edaf",
            "region": "us-east-1"
          },
          "private": "eyJlMmJmYjczMC1lY2FhLTExZTYtOGY4OC0zNDM2M2JjN2M0YzAiOnsiY3JlYXRlIjo2MDAwMDAwMDAwMDAsImRlbGV0ZSI6MTIwMDAwMDAwMDAwMCwicmVhZCI6OTAwMDAwMDAwMDAwLCJ1cGRhdGUiOjYwMDAwMDAwMDAwMH0sInNjaGVtYV92ZXJzaW9uIjoiMiJ9",
          "dependencies": [
            "aws_security_group.k8SecurityGroup",
            "data.aws_vpc.default"
          ]
        },
        {
          "index_key": "node-1",
          "schema_version": 2,
          "attributes": {
            "ami": "ami-0bbdd8c17ed981ef9",
            "arn": "arn:aws:ec2:us-east-1:682882937469:instance/i-000ba383910967bd8",
            "associate_public_ip_address": true,
            "availability_zone": "us-east-1d",
            "capacity_reservation_specification": [
              {
                "capacity_reservation_preference": "open",
                "capacity_reservation_target": []
              }
            ],
            "cpu_options": [
              {
                "amd_sev_snp": "",
                "core_count": 1,
                "threads_per_core": 2
              }
            ],
            "credit_specification": [
              {
                "cpu_credits": "unlimited"
              }
            ],
            "disable_api_stop": false,
            "disable_api_termination": false,
            "ebs_block_device": [],
            "ebs_optimized": false,
            "enable_primary_ipv6": null,
            "enclave_options": [
              {
                "enabled": false
              }
            ],
            "ephemeral_block_device": [],
            "force_destroy": false,
            "get_password_data": false,
            "hibernation": false,
            "host_id": "",
            "host_resource_group_arn": null,
            "iam_instance_profile": "",
            "id": "i-000ba383910967bd8",
            "instance_initiated_shutdown_behavior": "stop",
            "instance_lifecycle": "",
            "instance_market_options": [],
            "instance_state": "running",
            "instance_type": "t3.small",
            "ipv6_address_count": 0,
            "ipv6_addresses": [],
            "key_name": "k8ClusterKeyPair",
            "launch_template": [],
            "maintenance_options": [
              {
                "auto_recovery": "default"
              }
            ],
            "metadata_options": [
              {
                "http_endpoint": "enabled",
                "http_protocol_ipv6": "disabled",
                "http_put_response_hop_limit": 1,
                "http_tokens": "optional",
                "instance_metadata_tags": "disabled"
              }
            ],
            "monitoring": false,
            "network_interface": [],
            "outpost_arn": "",
            "password_data": "",
            "placement_group": "",
            "placement_group_id": "",
            "placement_partition_number": 0,
            "primary_network_interface": [
              {
                "delete_on_termination": true,
                "network_interface_id": "eni-071667f7d88baf4d5"
              }
            ],
            "primary_network_interface_id": "eni-071667f7d88baf4d5",
            "private_dns": "ip-172-31-19-211.ec2.internal",
            "private_dns_name_options": [
              {
                "enable_resource_name_dns_a_record": false,
                "enable_resource_name_dns_aaaa_record": false,
                "hostname_type": "ip-name"
              }
            ],
            "private_ip": "172.31.19.211",
            "public_dns": "ec2-54-167-30-79.compute-1.amazonaws.com",
            "public_ip": "54.167.30.79",
            "region": "us-east-1",
            "root_block_device": [
              {
                "delete_on_termination": true,
                "device_name": "/dev/sda1",
                "encrypted": false,
                "iops": 3000,
                "kms_key_id": "",
                "tags": null,
                "tags_all": {},
                "throughput": 125,
                "volume_id": "vol-0884bcc1ac3cad718",
                "volume_size": 20,
                "volume_type": "gp3"
              }
            ],
            "secondary_private_ips": [],
            "security_groups": [
              "k8ClusterSecurityGroup"
            ],
            "source_dest_check": true,
            "spot_instance_request_id": "",
            "subnet_id": "subnet-25402e6f",
            "tags": {
              "Name": "k8-WorkerNode-1",
              "Role": "worker"
            },
            "tags_all": {
              "Name": "k8-WorkerNode-1",
              "Role": "worker"
            },
            "tenancy": "default",
            "timeouts": null,
            "user_data": null,
            "user_data_base64": null,
            "user_data_replace_on_change": false,
            "volume_tags": null,
            "vpc_security_group_ids": [
              "sg-080b525f6b10e4db4"
            ]
          },
          "sensitive_attributes": [],
          "identity_schema_version": 0,
          "identity": {
            "account_id": "682882937469",
            "id": "i-000ba383910967bd8",
            "region": "us-east-1"
          },
          "private": "eyJlMmJmYjczMC1lY2FhLTExZTYtOGY4OC0zNDM2M2JjN2M0YzAiOnsiY3JlYXRlIjo2MDAwMDAwMDAwMDAsImRlbGV0ZSI6MTIwMDAwMDAwMDAwMCwicmVhZCI6OTAwMDAwMDAwMDAwLCJ1cGRhdGUiOjYwMDAwMDAwMDAwMH0sInNjaGVtYV92ZXJzaW9uIjoiMiJ9",
          "dependencies": [
            "aws_security_group.k8SecurityGroup",
            "data.aws_vpc.default"
          ]
        }
      ]
    },
    {
      "mode": "managed",
      "type": "aws_key_pair",
      "name": "KeyPair",
      "provider": "provider[\"registry.terraform.io/hashicorp/aws\"]",
      "instances": [
        {
          "schema_version": 1,
          "attributes": {
            "arn": "arn:aws:ec2:us-east-1:682882937469:key-pair/k8ClusterKeyPair",
            "fingerprint": "33:5d:4d:db:57:4c:b6:17:6b:c5:3f:57:cb:7b:bf:cc",
            "id": "k8ClusterKeyPair",
            "key_name": "k8ClusterKeyPair",
            "key_name_prefix": "",
            "key_pair_id": "key-0d67ef822c3c11e1a",
            "key_type": "rsa",
            "public_key": "ssh-rsa AAAAB3NzaC1yc2EAAAADAQABAAABAQDZjBeMMMNHZtx49Rk0aIZs1hUKEwtjd4FE7hORw+bNwvdK4FExpVSugf+7EOnDdegwfTJi1Vhgk/7hDjH6Gqeu/PttYtAX3SQAVxnbFs2bMdIxWndoW2f0WV4RJNcK7g+BZFoZkcnQ8/yCVcm2a8BHIRN7uL52sjVhKlOL7fISMCcrmIqhEb28t8NXWebr1ZTiAC6lIwwBQso40689YT6/oet5wMGvlixIAeNh+yA/3mXF3QgD38Ph8xvy4ixpN8G3qCEGGCF4IUEm5JdDUMYpS8MnaX/DjkpTN091QJpatu3gnXW9k8XvEOXC0KIoYYNrTUP0S8UrCaCKJZGw6hhH",
            "region": "us-east-1",
            "tags": null,
            "tags_all": {}
          },
          "sensitive_attributes": [],
          "identity_schema_version": 0,
          "private": "eyJzY2hlbWFfdmVyc2lvbiI6IjEifQ==",
          "dependencies": [
            "tls_private_key.KeyPair"
          ]
        }
      ]
    },
    {
      "mode": "managed",
      "type": "aws_security_group",
      "name": "k8SecurityGroup",
      "provider": "provider[\"registry.terraform.io/hashicorp/aws\"]",
      "instances": [
        {
          "schema_version": 1,
          "attributes": {
            "arn": "arn:aws:ec2:us-east-1:682882937469:security-group/sg-080b525f6b10e4db4",
            "description": "Allow SSH access from anywhere",
            "egress": [
              {
                "cidr_blocks": [
                  "0.0.0.0/0"
                ],
                "description": "",
                "from_port": 0,
                "ipv6_cidr_blocks": [],
                "prefix_list_ids": [],
                "protocol": "-1",
                "security_groups": [],
                "self": false,
                "to_port": 0
              }
            ],
            "id": "sg-080b525f6b10e4db4",
            "ingress": [
              {
                "cidr_blocks": [
                  "0.0.0.0/0"
                ],
                "description": "",
                "from_port": 22,
                "ipv6_cidr_blocks": [],
                "prefix_list_ids": [],
                "protocol": "tcp",
                "security_groups": [],
                "self": false,
                "to_port": 22
              },
              {
                "cidr_blocks": [
                  "0.0.0.0/0"
                ],
                "description": "",
                "from_port": 8080,
                "ipv6_cidr_blocks": [],
                "prefix_list_ids": [],
                "protocol": "tcp",
                "security_groups": [],
                "self": false,
                "to_port": 8080
              },
              {
                "cidr_blocks": [
                  "0.0.0.0/0"
                ],
                "description": "",
                "from_port": 80,
                "ipv6_cidr_blocks": [],
                "prefix_list_ids": [],
                "protocol": "tcp",
                "security_groups": [],
                "self": false,
                "to_port": 80
              },
              {
                "cidr_blocks": [],
                "description": "",
                "from_port": 0,
                "ipv6_cidr_blocks": [],
                "prefix_list_ids": [],
                "protocol": "-1",
                "security_groups": [],
                "self": true,
                "to_port": 0
              },
              {
                "cidr_blocks": [],
                "description": "",
                "from_port": 6443,
                "ipv6_cidr_blocks": [],
                "prefix_list_ids": [],
                "protocol": "tcp",
                "security_groups": [],
                "self": true,
                "to_port": 6443
              }
            ],
            "name": "k8ClusterSecurityGroup",
            "name_prefix": "",
            "owner_id": "682882937469",
            "region": "us-east-1",
            "revoke_rules_on_delete": false,
            "tags": {
              "Name": "k8ClusterSecurityGroup"
            },
            "tags_all": {
              "Name": "k8ClusterSecurityGroup"
            },
            "timeouts": null,
            "vpc_id": "vpc-0dd23177"
          },
          "sensitive_attributes": [],
          "identity_schema_version": 0,
          "identity": {
            "account_id": "682882937469",
            "id": "sg-080b525f6b10e4db4",
            "region": "us-east-1"
          },
          "private": "eyJlMmJmYjczMC1lY2FhLTExZTYtOGY4OC0zNDM2M2JjN2M0YzAiOnsiY3JlYXRlIjo2MDAwMDAwMDAwMDAsImRlbGV0ZSI6OTAwMDAwMDAwMDAwfSwic2NoZW1hX3ZlcnNpb24iOiIxIn0=",
          "dependencies": [
            "data.aws_vpc.default"
          ]
        }
      ]
    },
    {
      "mode": "managed",
      "type": "local_file",
      "name": "KeyPair_pem",
      "provider": "provider[\"registry.terraform.io/hashicorp/local\"]",
      "instances": [
        {
          "schema_version": 0,
          "attributes": {
            "content": "-----BEGIN RSA PRIVATE KEY-----\nMIIEowIBAAKCAQEA2YwXjDDDR2bcePUZNGiGbNYVChMLY3eBRO4TkcPmzcL3SuBR\nMaVUroH/uxDpw3XoMH0yYtVYYJP+4Q4x+hqnrvz7bWLQF90kAFcZ2xbNmzHSMVp3\naFtn9FleESTXCu4PgWRaGZHJ0PP8glXJtmvARyETe7i+drI1YSpTi+3yEjAnK5iK\noRG9vLfDV1nm69WU4gAupSMMAULKONOvPWE+v6HrecDBr5YsSAHjYfsgP95lxd0I\nA9/D4fMb8uIsaTfBt6ghBhgheCFBJuSXQ1DGKUvDJ2l/w45KUzdPdUCaWrbt4J11\nvZPF7xDlwtCiKGGDa01D9EvFKwmgiiWRsOoYRwIDAQABAoIBAAbTSovXSHvYLNOj\nW6KVeEji4JnGe4V9ODI5m/s8n7mrQ8dMHrqwMBDM5avwqGeTA/FoLtQDUzit0Vct\n8wB1+faCBmtp/b257kllHNu5rUK7ae0AJHNC5uc3hJLaH+BpFAB1ww6T+zZ8k9q3\npqf8B8t+LKvQNzLnKB3qeODmMBbvmqO9sHxqM4PxRg1TfHJfqFJeh7lp3tn97qkA\n27OGVHQ40PUWm+W00hPta/Bxr7uDGf/BEWzcvwk2UwPYsG/eConedFa2AN5dOeXe\nJIl/pqrE8jZLOCm3FQmyLtq+4x2CJo8MzsT9HbVioNhgdxHuubMOCr2MGI9UG8cL\nWVOcSb0CgYEA/qzrkONXFXt0XlGZJBPwy/L5dcg6Wbz7CAr6RkIMsMC2bHSu7e/s\nGXwoGhuNYTBLNYVsHgcRN5L+T1HPfds/2b2ENh5g1AFqgWpRht8j+SIAEDyQx9z1\nwwGHUsjCwE+de/7STStgXSjMzMF+oo8DnZDO9RtbaDyQxWAhlZFAYxsCgYEA2q29\nEgw/Ld7uhoBiWnw/AT9ZdrzhBvI9GDLDzdLM7nV0gr78lJC9qwiBN/RoHycgdQQx\nmjXO3zuiVDaI53dk+6OceTEsCRYWWxWm1JddMP52bTpPIGir5h1ZA9d07PB8GwQM\ndllRJBxReU7Y7OUR1J3J4umZ7GkWTGGMlM/CRkUCgYA9Ri2HNquFJ6bf6pIF9CZD\na7pJdFtVq/pZ/QoqTUnwXO2HOqu747XSi+S6I1bow03VGrzgnKKv1FYLj4t0pIPA\nR7C/tJ9nYs/VQ1dKM/XbwypwvaG39JnMyVlduZ/h1UX2x2Ch4IXW5DIiMYveYLpl\n9qlUn7hmY+wREQgDjGcJcQKBgQDBMxBBGrrS3wvjnxfGE9FiW8LBydwR1ACwGWGu\nvZg68WCPhwcGht5bdjcb5X38UAg3+g2Mzg9IYJppRokr3utD+2fqFsxt9qqnrHhp\niJVYDOk6VXLFElUVCEa1wyxVjZ5IDAqqoPy0J6S/xS6YFUXsj79nD7XjDXEa6HBY\npTlh9QKBgBx1KlCkndxK9BNh/SkHRv1Ml9xUxQzomURzCedxmdl+Ujt/cthkpYcs\ngo13/3Tq3OFhFz9qp7Fx5XGKr5ii7RfnvnZX5OIhuP7pmiEOV5PI3YW5TIfUSmoN\nbtJyj86SdniCI6k2iyA9V5c7XLVgqkrVH7fKljNZhybvUMlCpK2I\n-----END RSA PRIVATE KEY-----\n",
            "content_base64": null,
            "content_base64sha256": "5wK7qEPSex7GU31QeTBpyJdxww8BLzoGd9M9pAAQ4y8=",
            "content_base64sha512": "88QefB6+SUE4eMFVW9hUtMGLEPiN67RTKOMxLMQQja3aANHVDYg8Ny9kW1z3vqKfkDcoSHP6cWOBScLhJ0tHAg==",
            "content_md5": "fa0972e7f54946d6a416ff16f653f3dc",
            "content_sha1": "703f48d72166dd47d70368e31251936bc15e9212",
            "content_sha256": "e702bba843d27b1ec6537d50793069c89771c30f012f3a0677d33da40010e32f",
            "content_sha512": "f3c41e7c1ebe49413878c1555bd854b4c18b10f88debb45328e3312cc4108dadda00d1d50d883c372f645b5cf7bea29f9037284873fa71638149c2e1274b4702",
            "directory_permission": "0777",
            "file_permission": "0777",
            "filename": "./k8ClusterKeyPair.pem",
            "id": "703f48d72166dd47d70368e31251936bc15e9212",
            "sensitive_content": null,
            "source": null
          },
          "sensitive_attributes": [
            [
              {
                "type": "get_attr",
                "value": "content"
              }
            ],
            [
              {
                "type": "get_attr",
                "value": "sensitive_content"
              }
            ]
          ],
          "identity_schema_version": 0,
          "dependencies": [
            "tls_private_key.KeyPair"
          ]
        }
      ]
    },
    {
      "mode": "managed",
      "type": "tls_private_key",
      "name": "KeyPair",
      "provider": "provider[\"registry.terraform.io/hashicorp/tls\"]",
      "instances": [
        {
          "schema_version": 1,
          "attributes": {
            "algorithm": "RSA",
            "ecdsa_curve": "P224",
            "id": "247301206df63c5a3f739f40b838c0604ee34aab",
            "private_key_openssh": "-----BEGIN OPENSSH PRIVATE KEY-----\nb3BlbnNzaC1rZXktdjEAAAAABG5vbmUAAAAEbm9uZQAAAAAAAAABAAABFwAAAAdz\nc2gtcnNhAAAAAwEAAQAAAQEA2YwXjDDDR2bcePUZNGiGbNYVChMLY3eBRO4TkcPm\nzcL3SuBRMaVUroH/uxDpw3XoMH0yYtVYYJP+4Q4x+hqnrvz7bWLQF90kAFcZ2xbN\nmzHSMVp3aFtn9FleESTXCu4PgWRaGZHJ0PP8glXJtmvARyETe7i+drI1YSpTi+3y\nEjAnK5iKoRG9vLfDV1nm69WU4gAupSMMAULKONOvPWE+v6HrecDBr5YsSAHjYfsg\nP95lxd0IA9/D4fMb8uIsaTfBt6ghBhgheCFBJuSXQ1DGKUvDJ2l/w45KUzdPdUCa\nWrbt4J11vZPF7xDlwtCiKGGDa01D9EvFKwmgiiWRsOoYRwAAA7h3ZmpCd2ZqQgAA\nAAdzc2gtcnNhAAABAQDZjBeMMMNHZtx49Rk0aIZs1hUKEwtjd4FE7hORw+bNwvdK\n4FExpVSugf+7EOnDdegwfTJi1Vhgk/7hDjH6Gqeu/PttYtAX3SQAVxnbFs2bMdIx\nWndoW2f0WV4RJNcK7g+BZFoZkcnQ8/yCVcm2a8BHIRN7uL52sjVhKlOL7fISMCcr\nmIqhEb28t8NXWebr1ZTiAC6lIwwBQso40689YT6/oet5wMGvlixIAeNh+yA/3mXF\n3QgD38Ph8xvy4ixpN8G3qCEGGCF4IUEm5JdDUMYpS8MnaX/DjkpTN091QJpatu3g\nnXW9k8XvEOXC0KIoYYNrTUP0S8UrCaCKJZGw6hhHAAAAAwEAAQAAAQAG00qL10h7\n2CzTo1uilXhI4uCZxnuFfTgyOZv7PJ+5q0PHTB66sDAQzOWr8KhnkwPxaC7UA1M4\nrdFXLfMAdfn2ggZraf29ue5JZRzbua1Cu2ntACRzQubnN4SS2h/gaRQAdcMOk/s2\nfJPat6an/AfLfiyr0Dcy5ygd6njg5jAW75qjvbB8ajOD8UYNU3xyX6hSXoe5ad7Z\n/e6pANuzhlR0OND1FpvltNIT7Wvwca+7gxn/wRFs3L8JNlMD2LBv3gqJ3nRWtgDe\nXTnl3iSJf6aqxPI2SzgptxUJsi7avuMdgiaPDM7E/R21YqDYYHcR7rmzDgq9jBiP\nVBvHC1lTnEm9AAAAgBx1KlCkndxK9BNh/SkHRv1Ml9xUxQzomURzCedxmdl+Ujt/\ncthkpYcsgo13/3Tq3OFhFz9qp7Fx5XGKr5ii7RfnvnZX5OIhuP7pmiEOV5PI3YW5\nTIfUSmoNbtJyj86SdniCI6k2iyA9V5c7XLVgqkrVH7fKljNZhybvUMlCpK2IAAAA\ngQD+rOuQ41cVe3ReUZkkE/DL8vl1yDpZvPsICvpGQgywwLZsdK7t7+wZfCgaG41h\nMEs1hWweBxE3kv5PUc992z/ZvYQ2HmDUAWqBalGG3yP5IgAQPJDH3PXDAYdSyMLA\nT517/tJNK2BdKMzMwX6ijwOdkM71G1toPJDFYCGVkUBjGwAAAIEA2q29Egw/Ld7u\nhoBiWnw/AT9ZdrzhBvI9GDLDzdLM7nV0gr78lJC9qwiBN/RoHycgdQQxmjXO3zui\nVDaI53dk+6OceTEsCRYWWxWm1JddMP52bTpPIGir5h1ZA9d07PB8GwQMdllRJBxR\neU7Y7OUR1J3J4umZ7GkWTGGMlM/CRkUAAAAAAQID\n-----END OPENSSH PRIVATE KEY-----\n",
            "private_key_pem": "-----BEGIN RSA PRIVATE KEY-----\nMIIEowIBAAKCAQEA2YwXjDDDR2bcePUZNGiGbNYVChMLY3eBRO4TkcPmzcL3SuBR\nMaVUroH/uxDpw3XoMH0yYtVYYJP+4Q4x+hqnrvz7bWLQF90kAFcZ2xbNmzHSMVp3\naFtn9FleESTXCu4PgWRaGZHJ0PP8glXJtmvARyETe7i+drI1YSpTi+3yEjAnK5iK\noRG9vLfDV1nm69WU4gAupSMMAULKONOvPWE+v6HrecDBr5YsSAHjYfsgP95lxd0I\nA9/D4fMb8uIsaTfBt6ghBhgheCFBJuSXQ1DGKUvDJ2l/w45KUzdPdUCaWrbt4J11\nvZPF7xDlwtCiKGGDa01D9EvFKwmgiiWRsOoYRwIDAQABAoIBAAbTSovXSHvYLNOj\nW6KVeEji4JnGe4V9ODI5m/s8n7mrQ8dMHrqwMBDM5avwqGeTA/FoLtQDUzit0Vct\n8wB1+faCBmtp/b257kllHNu5rUK7ae0AJHNC5uc3hJLaH+BpFAB1ww6T+zZ8k9q3\npqf8B8t+LKvQNzLnKB3qeODmMBbvmqO9sHxqM4PxRg1TfHJfqFJeh7lp3tn97qkA\n27OGVHQ40PUWm+W00hPta/Bxr7uDGf/BEWzcvwk2UwPYsG/eConedFa2AN5dOeXe\nJIl/pqrE8jZLOCm3FQmyLtq+4x2CJo8MzsT9HbVioNhgdxHuubMOCr2MGI9UG8cL\nWVOcSb0CgYEA/qzrkONXFXt0XlGZJBPwy/L5dcg6Wbz7CAr6RkIMsMC2bHSu7e/s\nGXwoGhuNYTBLNYVsHgcRN5L+T1HPfds/2b2ENh5g1AFqgWpRht8j+SIAEDyQx9z1\nwwGHUsjCwE+de/7STStgXSjMzMF+oo8DnZDO9RtbaDyQxWAhlZFAYxsCgYEA2q29\nEgw/Ld7uhoBiWnw/AT9ZdrzhBvI9GDLDzdLM7nV0gr78lJC9qwiBN/RoHycgdQQx\nmjXO3zuiVDaI53dk+6OceTEsCRYWWxWm1JddMP52bTpPIGir5h1ZA9d07PB8GwQM\ndllRJBxReU7Y7OUR1J3J4umZ7GkWTGGMlM/CRkUCgYA9Ri2HNquFJ6bf6pIF9CZD\na7pJdFtVq/pZ/QoqTUnwXO2HOqu747XSi+S6I1bow03VGrzgnKKv1FYLj4t0pIPA\nR7C/tJ9nYs/VQ1dKM/XbwypwvaG39JnMyVlduZ/h1UX2x2Ch4IXW5DIiMYveYLpl\n9qlUn7hmY+wREQgDjGcJcQKBgQDBMxBBGrrS3wvjnxfGE9FiW8LBydwR1ACwGWGu\nvZg68WCPhwcGht5bdjcb5X38UAg3+g2Mzg9IYJppRokr3utD+2fqFsxt9qqnrHhp\niJVYDOk6VXLFElUVCEa1wyxVjZ5IDAqqoPy0J6S/xS6YFUXsj79nD7XjDXEa6HBY\npTlh9QKBgBx1KlCkndxK9BNh/SkHRv1Ml9xUxQzomURzCedxmdl+Ujt/cthkpYcs\ngo13/3Tq3OFhFz9qp7Fx5XGKr5ii7RfnvnZX5OIhuP7pmiEOV5PI3YW5TIfUSmoN\nbtJyj86SdniCI6k2iyA9V5c7XLVgqkrVH7fKljNZhybvUMlCpK2I\n-----END RSA PRIVATE KEY-----\n",
            "private_key_pem_pkcs8": "-----BEGIN PRIVATE KEY-----\nMIIEvQIBADANBgkqhkiG9w0BAQEFAASCBKcwggSjAgEAAoIBAQDZjBeMMMNHZtx4\n9Rk0aIZs1hUKEwtjd4FE7hORw+bNwvdK4FExpVSugf+7EOnDdegwfTJi1Vhgk/7h\nDjH6Gqeu/PttYtAX3SQAVxnbFs2bMdIxWndoW2f0WV4RJNcK7g+BZFoZkcnQ8/yC\nVcm2a8BHIRN7uL52sjVhKlOL7fISMCcrmIqhEb28t8NXWebr1ZTiAC6lIwwBQso4\n0689YT6/oet5wMGvlixIAeNh+yA/3mXF3QgD38Ph8xvy4ixpN8G3qCEGGCF4IUEm\n5JdDUMYpS8MnaX/DjkpTN091QJpatu3gnXW9k8XvEOXC0KIoYYNrTUP0S8UrCaCK\nJZGw6hhHAgMBAAECggEABtNKi9dIe9gs06NbopV4SOLgmcZ7hX04Mjmb+zyfuatD\nx0weurAwEMzlq/CoZ5MD8Wgu1ANTOK3RVy3zAHX59oIGa2n9vbnuSWUc27mtQrtp\n7QAkc0Lm5zeEktof4GkUAHXDDpP7NnyT2remp/wHy34sq9A3MucoHep44OYwFu+a\no72wfGozg/FGDVN8cl+oUl6HuWne2f3uqQDbs4ZUdDjQ9Rab5bTSE+1r8HGvu4MZ\n/8ERbNy/CTZTA9iwb94Kid50VrYA3l055d4kiX+mqsTyNks4KbcVCbIu2r7jHYIm\njwzOxP0dtWKg2GB3Ee65sw4KvYwYj1QbxwtZU5xJvQKBgQD+rOuQ41cVe3ReUZkk\nE/DL8vl1yDpZvPsICvpGQgywwLZsdK7t7+wZfCgaG41hMEs1hWweBxE3kv5PUc99\n2z/ZvYQ2HmDUAWqBalGG3yP5IgAQPJDH3PXDAYdSyMLAT517/tJNK2BdKMzMwX6i\njwOdkM71G1toPJDFYCGVkUBjGwKBgQDarb0SDD8t3u6GgGJafD8BP1l2vOEG8j0Y\nMsPN0szudXSCvvyUkL2rCIE39GgfJyB1BDGaNc7fO6JUNojnd2T7o5x5MSwJFhZb\nFabUl10w/nZtOk8gaKvmHVkD13Ts8HwbBAx2WVEkHFF5Ttjs5RHUncni6ZnsaRZM\nYYyUz8JGRQKBgD1GLYc2q4Unpt/qkgX0JkNrukl0W1Wr+ln9CipNSfBc7Yc6q7vj\ntdKL5LojVujDTdUavOCcoq/UVguPi3Skg8BHsL+0n2diz9VDV0oz9dvDKnC9obf0\nmczJWV25n+HVRfbHYKHghdbkMiIxi95gumX2qVSfuGZj7BERCAOMZwlxAoGBAMEz\nEEEautLfC+OfF8YT0WJbwsHJ3BHUALAZYa69mDrxYI+HBwaG3lt2NxvlffxQCDf6\nDYzOD0hgmmlGiSve60P7Z+oWzG32qqeseGmIlVgM6TpVcsUSVRUIRrXDLFWNnkgM\nCqqg/LQnpL/FLpgVReyPv2cPteMNcRrocFilOWH1AoGAHHUqUKSd3Er0E2H9KQdG\n/UyX3FTFDOiZRHMJ53GZ2X5SO39y2GSlhyyCjXf/dOrc4WEXP2qnsXHlcYqvmKLt\nF+e+dlfk4iG4/umaIQ5Xk8jdhblMh9RKag1u0nKPzpJ2eIIjqTaLID1XlztctWCq\nStUft8qWM1mHJu9QyUKkrYg=\n-----END PRIVATE KEY-----\n",
            "public_key_fingerprint_md5": "3f:aa:84:c0:99:89:a6:83:16:b9:f0:6d:43:76:2e:a7",
            "public_key_fingerprint_sha256": "SHA256:3ZAuOXPBqd/35AOFAEpZuZZas7RJg+l7oCdudrbS8QM",
            "public_key_openssh": "ssh-rsa AAAAB3NzaC1yc2EAAAADAQABAAABAQDZjBeMMMNHZtx49Rk0aIZs1hUKEwtjd4FE7hORw+bNwvdK4FExpVSugf+7EOnDdegwfTJi1Vhgk/7hDjH6Gqeu/PttYtAX3SQAVxnbFs2bMdIxWndoW2f0WV4RJNcK7g+BZFoZkcnQ8/yCVcm2a8BHIRN7uL52sjVhKlOL7fISMCcrmIqhEb28t8NXWebr1ZTiAC6lIwwBQso40689YT6/oet5wMGvlixIAeNh+yA/3mXF3QgD38Ph8xvy4ixpN8G3qCEGGCF4IUEm5JdDUMYpS8MnaX/DjkpTN091QJpatu3gnXW9k8XvEOXC0KIoYYNrTUP0S8UrCaCKJZGw6hhH\n",
            "public_key_pem": "-----BEGIN PUBLIC KEY-----\nMIIBIjANBgkqhkiG9w0BAQEFAAOCAQ8AMIIBCgKCAQEA2YwXjDDDR2bcePUZNGiG\nbNYVChMLY3eBRO4TkcPmzcL3SuBRMaVUroH/uxDpw3XoMH0yYtVYYJP+4Q4x+hqn\nrvz7bWLQF90kAFcZ2xbNmzHSMVp3aFtn9FleESTXCu4PgWRaGZHJ0PP8glXJtmvA\nRyETe7i+drI1YSpTi+3yEjAnK5iKoRG9vLfDV1nm69WU4gAupSMMAULKONOvPWE+\nv6HrecDBr5YsSAHjYfsgP95lxd0IA9/D4fMb8uIsaTfBt6ghBhgheCFBJuSXQ1DG\nKUvDJ2l/w45KUzdPdUCaWrbt4J11vZPF7xDlwtCiKGGDa01D9EvFKwmgiiWRsOoY\nRwIDAQAB\n-----END PUBLIC KEY-----\n",
            "rsa_bits": 2048
          },
          "sensitive_attributes": [
            [
              {
                "type": "get_attr",
                "value": "private_key_openssh"
              }
            ],
            [
              {
                "type": "get_attr",
                "value": "private_key_pem"
              }
            ],
            [
              {
                "type": "get_attr",
                "value": "private_key_pem_pkcs8"
              }
            ]
          ],
          "identity_schema_version": 0
        }
      ]
    }
  ],
  "check_results": null
}
